
Microsoft Visual Studio Solution File, Format Version 12.00
# Visual Studio 15
VisualStudioVersion = 15.0.28010.2036
MinimumVisualStudioVersion = 10.0.40219.1
Project("{FAE04EC0-301F-11D3-BF4B-00C04F79EFBC}") = "ConsoleApp19", "ConsoleApp19\ConsoleApp19.csproj", "{C44A2171-2B44-48D2-B5BD-3114F922838A}"
EndProject
Global
	GlobalSection(SolutionConfigurationPlatforms) = preSolution
		Debug|Any CPU = Debug|Any CPU
		Release|Any CPU = Release|Any CPU
	EndGlobalSection
	GlobalSection(ProjectConfigurationPlatforms) = postSolution
		{C44A2171-2B44-48D2-B5BD-3114F922838A}.Debug|Any CPU.ActiveCfg = Debug|Any CPU
		{C44A2171-2B44-48D2-B5BD-3114F922838A}.Debug|Any CPU.Build.0 = Debug|Any CPU
		{C44A2171-2B44-48D2-B5BD-3114F922838A}.Release|Any CPU.ActiveCfg = Release|Any CPU
		{C44A2171-2B44-48D2-B5BD-3114F922838A}.Release|Any CPU.Build.0 = Release|Any CPU
	EndGlobalSection
	GlobalSection(SolutionProperties) = preSolution
		HideSolutionNode = FALSE
	EndGlobalSection
	GlobalSection(ExtensibilityGlobals) = postSolution
		SolutionGuid = {C6C73108-B2A6-47E1-B28D-989867ED1CBA}
	EndGlobalSection
EndGlobal
